
Microsoft Visual Studio Solution File, Format Version 12.00
# Visual Studio Version 17
VisualStudioVersion = 17.4.33110.190
MinimumVisualStudioVersion = 10.0.40219.1
Project("{FAE04EC0-301F-11D3-BF4B-00C04F79EFBC}") = "SquareDigits", "SquareDigits\SquareDigits.csproj", "{14C9BAD1-F408-457D-A429-9B4B447F6E50}"
EndProject
Global
	GlobalSection(SolutionConfigurationPlatforms) = preSolution
		Debug|Any CPU = Debug|Any CPU
		Release|Any CPU = Release|Any CPU
	EndGlobalSection
	GlobalSection(ProjectConfigurationPlatforms) = postSolution
		{14C9BAD1-F408-457D-A429-9B4B447F6E50}.Debug|Any CPU.ActiveCfg = Debug|Any CPU
		{14C9BAD1-F408-457D-A429-9B4B447F6E50}.Debug|Any CPU.Build.0 = Debug|Any CPU
		{14C9BAD1-F408-457D-A429-9B4B447F6E50}.Release|Any CPU.ActiveCfg = Release|Any CPU
		{14C9BAD1-F408-457D-A429-9B4B447F6E50}.Release|Any CPU.Build.0 = Release|Any CPU
	EndGlobalSection
	GlobalSection(SolutionProperties) = preSolution
		HideSolutionNode = FALSE
	EndGlobalSection
	GlobalSection(ExtensibilityGlobals) = postSolution
		SolutionGuid = {A61EFFB2-4B5A-4797-ADB4-6FF392A96A7B}
	EndGlobalSection
EndGlobal
