
Microsoft Visual Studio Solution File, Format Version 12.00
# Visual Studio Version 17
VisualStudioVersion = 17.2.32616.157
MinimumVisualStudioVersion = 10.0.40219.1
Project("{FAE04EC0-301F-11D3-BF4B-00C04F79EFBC}") = "RemoveVowels", "RemoveVowels\RemoveVowels.csproj", "{D36883E4-8113-4803-A555-F202C52F9750}"
EndProject
Global
	GlobalSection(SolutionConfigurationPlatforms) = preSolution
		Debug|Any CPU = Debug|Any CPU
		Release|Any CPU = Release|Any CPU
	EndGlobalSection
	GlobalSection(ProjectConfigurationPlatforms) = postSolution
		{D36883E4-8113-4803-A555-F202C52F9750}.Debug|Any CPU.ActiveCfg = Debug|Any CPU
		{D36883E4-8113-4803-A555-F202C52F9750}.Debug|Any CPU.Build.0 = Debug|Any CPU
		{D36883E4-8113-4803-A555-F202C52F9750}.Release|Any CPU.ActiveCfg = Release|Any CPU
		{D36883E4-8113-4803-A555-F202C52F9750}.Release|Any CPU.Build.0 = Release|Any CPU
	EndGlobalSection
	GlobalSection(SolutionProperties) = preSolution
		HideSolutionNode = FALSE
	EndGlobalSection
	GlobalSection(ExtensibilityGlobals) = postSolution
		SolutionGuid = {2A05F3A6-35A8-4980-A595-F6070A6D08A8}
	EndGlobalSection
EndGlobal
